
Microsoft Visual Studio Solution File, Format Version 12.00
# Visual Studio Version 17
VisualStudioVersion = 17.5.002.0
MinimumVisualStudioVersion = 10.0.40219.1
Project("{9A19103F-16F7-4668-BE54-9A1E7A4F7556}") = "StringIndices", "StringIndices.csproj", "{708462C8-D9E0-4475-B977-C2D30174B4C0}"
EndProject
Global
	GlobalSection(SolutionConfigurationPlatforms) = preSolution
		Debug|Any CPU = Debug|Any CPU
		Release|Any CPU = Release|Any CPU
	EndGlobalSection
	GlobalSection(ProjectConfigurationPlatforms) = postSolution
		{708462C8-D9E0-4475-B977-C2D30174B4C0}.Debug|Any CPU.ActiveCfg = Debug|Any CPU
		{708462C8-D9E0-4475-B977-C2D30174B4C0}.Debug|Any CPU.Build.0 = Debug|Any CPU
		{708462C8-D9E0-4475-B977-C2D30174B4C0}.Release|Any CPU.ActiveCfg = Release|Any CPU
		{708462C8-D9E0-4475-B977-C2D30174B4C0}.Release|Any CPU.Build.0 = Release|Any CPU
	EndGlobalSection
	GlobalSection(SolutionProperties) = preSolution
		HideSolutionNode = FALSE
	EndGlobalSection
	GlobalSection(ExtensibilityGlobals) = postSolution
		SolutionGuid = {1F3044CF-C40E-471D-BB21-DECFCDFFF3B4}
	EndGlobalSection
EndGlobal
