
Microsoft Visual Studio Solution File, Format Version 12.00
# Visual Studio Version 17
VisualStudioVersion = 17.5.002.0
MinimumVisualStudioVersion = 10.0.40219.1
Project("{9A19103F-16F7-4668-BE54-9A1E7A4F7556}") = "TiposMoedas", "TiposMoedas.csproj", "{97934DDC-601A-410A-961F-3F931A52D604}"
EndProject
Global
	GlobalSection(SolutionConfigurationPlatforms) = preSolution
		Debug|Any CPU = Debug|Any CPU
		Release|Any CPU = Release|Any CPU
	EndGlobalSection
	GlobalSection(ProjectConfigurationPlatforms) = postSolution
		{97934DDC-601A-410A-961F-3F931A52D604}.Debug|Any CPU.ActiveCfg = Debug|Any CPU
		{97934DDC-601A-410A-961F-3F931A52D604}.Debug|Any CPU.Build.0 = Debug|Any CPU
		{97934DDC-601A-410A-961F-3F931A52D604}.Release|Any CPU.ActiveCfg = Release|Any CPU
		{97934DDC-601A-410A-961F-3F931A52D604}.Release|Any CPU.Build.0 = Release|Any CPU
	EndGlobalSection
	GlobalSection(SolutionProperties) = preSolution
		HideSolutionNode = FALSE
	EndGlobalSection
	GlobalSection(ExtensibilityGlobals) = postSolution
		SolutionGuid = {956E37F3-D991-484A-A33A-3920DD776466}
	EndGlobalSection
EndGlobal
