
Microsoft Visual Studio Solution File, Format Version 12.00
# Visual Studio Version 17
VisualStudioVersion = 17.5.002.0
MinimumVisualStudioVersion = 10.0.40219.1
Project("{9A19103F-16F7-4668-BE54-9A1E7A4F7556}") = "Math", "Math.csproj", "{3B8F47CB-35F8-4BC5-ABC8-45E0F134BC39}"
EndProject
Global
	GlobalSection(SolutionConfigurationPlatforms) = preSolution
		Debug|Any CPU = Debug|Any CPU
		Release|Any CPU = Release|Any CPU
	EndGlobalSection
	GlobalSection(ProjectConfigurationPlatforms) = postSolution
		{3B8F47CB-35F8-4BC5-ABC8-45E0F134BC39}.Debug|Any CPU.ActiveCfg = Debug|Any CPU
		{3B8F47CB-35F8-4BC5-ABC8-45E0F134BC39}.Debug|Any CPU.Build.0 = Debug|Any CPU
		{3B8F47CB-35F8-4BC5-ABC8-45E0F134BC39}.Release|Any CPU.ActiveCfg = Release|Any CPU
		{3B8F47CB-35F8-4BC5-ABC8-45E0F134BC39}.Release|Any CPU.Build.0 = Release|Any CPU
	EndGlobalSection
	GlobalSection(SolutionProperties) = preSolution
		HideSolutionNode = FALSE
	EndGlobalSection
	GlobalSection(ExtensibilityGlobals) = postSolution
		SolutionGuid = {EB0EC0B1-E9CC-4E30-8856-90B132EA0C29}
	EndGlobalSection
EndGlobal
